
Microsoft Visual Studio Solution File, Format Version 12.00
# Visual Studio Version 17
VisualStudioVersion = 17.10.35122.118
MinimumVisualStudioVersion = 10.0.40219.1
Project("{FAE04EC0-301F-11D3-BF4B-00C04F79EFBC}") = "Task01", "Task01.csproj", "{4CFFF06D-04D0-40C0-919A-54011F36DF26}"
EndProject
Global
	GlobalSection(SolutionConfigurationPlatforms) = preSolution
		Debug|Any CPU = Debug|Any CPU
		Release|Any CPU = Release|Any CPU
	EndGlobalSection
	GlobalSection(ProjectConfigurationPlatforms) = postSolution
		{4CFFF06D-04D0-40C0-919A-54011F36DF26}.Debug|Any CPU.ActiveCfg = Debug|Any CPU
		{4CFFF06D-04D0-40C0-919A-54011F36DF26}.Debug|Any CPU.Build.0 = Debug|Any CPU
		{4CFFF06D-04D0-40C0-919A-54011F36DF26}.Release|Any CPU.ActiveCfg = Release|Any CPU
		{4CFFF06D-04D0-40C0-919A-54011F36DF26}.Release|Any CPU.Build.0 = Release|Any CPU
	EndGlobalSection
	GlobalSection(SolutionProperties) = preSolution
		HideSolutionNode = FALSE
	EndGlobalSection
	GlobalSection(ExtensibilityGlobals) = postSolution
		SolutionGuid = {34EF2123-240E-4587-AF90-304816921113}
	EndGlobalSection
EndGlobal
