
Microsoft Visual Studio Solution File, Format Version 12.00
# Visual Studio Version 17
VisualStudioVersion = 17.10.35122.118
MinimumVisualStudioVersion = 10.0.40219.1
Project("{FAE04EC0-301F-11D3-BF4B-00C04F79EFBC}") = "Task05", "Task05.csproj", "{63AEF657-711C-49F8-BE9F-07DED73E36DC}"
EndProject
Global
	GlobalSection(SolutionConfigurationPlatforms) = preSolution
		Debug|Any CPU = Debug|Any CPU
		Release|Any CPU = Release|Any CPU
	EndGlobalSection
	GlobalSection(ProjectConfigurationPlatforms) = postSolution
		{63AEF657-711C-49F8-BE9F-07DED73E36DC}.Debug|Any CPU.ActiveCfg = Debug|Any CPU
		{63AEF657-711C-49F8-BE9F-07DED73E36DC}.Debug|Any CPU.Build.0 = Debug|Any CPU
		{63AEF657-711C-49F8-BE9F-07DED73E36DC}.Release|Any CPU.ActiveCfg = Release|Any CPU
		{63AEF657-711C-49F8-BE9F-07DED73E36DC}.Release|Any CPU.Build.0 = Release|Any CPU
	EndGlobalSection
	GlobalSection(SolutionProperties) = preSolution
		HideSolutionNode = FALSE
	EndGlobalSection
	GlobalSection(ExtensibilityGlobals) = postSolution
		SolutionGuid = {FD09F2B9-517D-47FA-A3B1-54A76A0F4A15}
	EndGlobalSection
EndGlobal
