
Microsoft Visual Studio Solution File, Format Version 12.00
# Visual Studio Version 17
VisualStudioVersion = 17.10.35122.118
MinimumVisualStudioVersion = 10.0.40219.1
Project("{FAE04EC0-301F-11D3-BF4B-00C04F79EFBC}") = "Taks01", "Taks01.csproj", "{1559BE34-42F1-4AF0-9FD0-DE77719F3C78}"
EndProject
Global
	GlobalSection(SolutionConfigurationPlatforms) = preSolution
		Debug|Any CPU = Debug|Any CPU
		Release|Any CPU = Release|Any CPU
	EndGlobalSection
	GlobalSection(ProjectConfigurationPlatforms) = postSolution
		{1559BE34-42F1-4AF0-9FD0-DE77719F3C78}.Debug|Any CPU.ActiveCfg = Debug|Any CPU
		{1559BE34-42F1-4AF0-9FD0-DE77719F3C78}.Debug|Any CPU.Build.0 = Debug|Any CPU
		{1559BE34-42F1-4AF0-9FD0-DE77719F3C78}.Release|Any CPU.ActiveCfg = Release|Any CPU
		{1559BE34-42F1-4AF0-9FD0-DE77719F3C78}.Release|Any CPU.Build.0 = Release|Any CPU
	EndGlobalSection
	GlobalSection(SolutionProperties) = preSolution
		HideSolutionNode = FALSE
	EndGlobalSection
	GlobalSection(ExtensibilityGlobals) = postSolution
		SolutionGuid = {7EEA2F2A-F9F7-4289-A794-AB01C98F8EDA}
	EndGlobalSection
EndGlobal
