
Microsoft Visual Studio Solution File, Format Version 12.00
# Visual Studio Version 17
VisualStudioVersion = 17.10.35122.118
MinimumVisualStudioVersion = 10.0.40219.1
Project("{FAE04EC0-301F-11D3-BF4B-00C04F79EFBC}") = "Task01", "Task01.csproj", "{6B232F31-382B-43FC-A8F2-B7828C661F65}"
EndProject
Global
	GlobalSection(SolutionConfigurationPlatforms) = preSolution
		Debug|Any CPU = Debug|Any CPU
		Release|Any CPU = Release|Any CPU
	EndGlobalSection
	GlobalSection(ProjectConfigurationPlatforms) = postSolution
		{6B232F31-382B-43FC-A8F2-B7828C661F65}.Debug|Any CPU.ActiveCfg = Debug|Any CPU
		{6B232F31-382B-43FC-A8F2-B7828C661F65}.Debug|Any CPU.Build.0 = Debug|Any CPU
		{6B232F31-382B-43FC-A8F2-B7828C661F65}.Release|Any CPU.ActiveCfg = Release|Any CPU
		{6B232F31-382B-43FC-A8F2-B7828C661F65}.Release|Any CPU.Build.0 = Release|Any CPU
	EndGlobalSection
	GlobalSection(SolutionProperties) = preSolution
		HideSolutionNode = FALSE
	EndGlobalSection
	GlobalSection(ExtensibilityGlobals) = postSolution
		SolutionGuid = {FFEB89A0-AD73-4E64-9844-BD0B55D8CD28}
	EndGlobalSection
EndGlobal
