
Microsoft Visual Studio Solution File, Format Version 12.00
# Visual Studio Version 17
VisualStudioVersion = 17.10.35122.118
MinimumVisualStudioVersion = 10.0.40219.1
Project("{FAE04EC0-301F-11D3-BF4B-00C04F79EFBC}") = "RodionBlaniarMetaFramework.Core", "RodionBlaniarMetaFramework.Core\RodionBlaniarMetaFramework.Core.csproj", "{7D150681-5F30-4E2B-93A5-8A6126EA2469}"
EndProject
Project("{FAE04EC0-301F-11D3-BF4B-00C04F79EFBC}") = "RodionBlaniarMetaFramework.App", "RodionBlaniarMetaFramework.App\RodionBlaniarMetaFramework.App.csproj", "{F6B943BB-2298-4CA9-900E-0D9092748EBD}"
EndProject
Global
	GlobalSection(SolutionConfigurationPlatforms) = preSolution
		Debug|Any CPU = Debug|Any CPU
		Release|Any CPU = Release|Any CPU
	EndGlobalSection
	GlobalSection(ProjectConfigurationPlatforms) = postSolution
		{7D150681-5F30-4E2B-93A5-8A6126EA2469}.Debug|Any CPU.ActiveCfg = Debug|Any CPU
		{7D150681-5F30-4E2B-93A5-8A6126EA2469}.Debug|Any CPU.Build.0 = Debug|Any CPU
		{7D150681-5F30-4E2B-93A5-8A6126EA2469}.Release|Any CPU.ActiveCfg = Release|Any CPU
		{7D150681-5F30-4E2B-93A5-8A6126EA2469}.Release|Any CPU.Build.0 = Release|Any CPU
		{F6B943BB-2298-4CA9-900E-0D9092748EBD}.Debug|Any CPU.ActiveCfg = Debug|Any CPU
		{F6B943BB-2298-4CA9-900E-0D9092748EBD}.Debug|Any CPU.Build.0 = Debug|Any CPU
		{F6B943BB-2298-4CA9-900E-0D9092748EBD}.Release|Any CPU.ActiveCfg = Release|Any CPU
		{F6B943BB-2298-4CA9-900E-0D9092748EBD}.Release|Any CPU.Build.0 = Release|Any CPU
	EndGlobalSection
	GlobalSection(SolutionProperties) = preSolution
		HideSolutionNode = FALSE
	EndGlobalSection
	GlobalSection(ExtensibilityGlobals) = postSolution
		SolutionGuid = {A59C2357-0D9D-43F6-A4FE-B8AD37C09BF6}
	EndGlobalSection
EndGlobal
