
Microsoft Visual Studio Solution File, Format Version 12.00
# Visual Studio Version 17
VisualStudioVersion = 17.10.35122.118
MinimumVisualStudioVersion = 10.0.40219.1
Project("{FAE04EC0-301F-11D3-BF4B-00C04F79EFBC}") = "Task02", "Task02.csproj", "{72A32986-E67C-4D30-B21B-AF7CC6C8D407}"
EndProject
Global
	GlobalSection(SolutionConfigurationPlatforms) = preSolution
		Debug|Any CPU = Debug|Any CPU
		Release|Any CPU = Release|Any CPU
	EndGlobalSection
	GlobalSection(ProjectConfigurationPlatforms) = postSolution
		{72A32986-E67C-4D30-B21B-AF7CC6C8D407}.Debug|Any CPU.ActiveCfg = Debug|Any CPU
		{72A32986-E67C-4D30-B21B-AF7CC6C8D407}.Debug|Any CPU.Build.0 = Debug|Any CPU
		{72A32986-E67C-4D30-B21B-AF7CC6C8D407}.Release|Any CPU.ActiveCfg = Release|Any CPU
		{72A32986-E67C-4D30-B21B-AF7CC6C8D407}.Release|Any CPU.Build.0 = Release|Any CPU
	EndGlobalSection
	GlobalSection(SolutionProperties) = preSolution
		HideSolutionNode = FALSE
	EndGlobalSection
	GlobalSection(ExtensibilityGlobals) = postSolution
		SolutionGuid = {D999943A-5674-478F-AFA4-B0F0AE22D55D}
	EndGlobalSection
EndGlobal
