
Microsoft Visual Studio Solution File, Format Version 12.00
# Visual Studio Version 17
VisualStudioVersion = 17.10.35122.118
MinimumVisualStudioVersion = 10.0.40219.1
Project("{FAE04EC0-301F-11D3-BF4B-00C04F79EFBC}") = "Task02", "Task02.csproj", "{52DA8B1D-A9C2-4B2F-A294-8DFAF3809974}"
EndProject
Global
	GlobalSection(SolutionConfigurationPlatforms) = preSolution
		Debug|Any CPU = Debug|Any CPU
		Release|Any CPU = Release|Any CPU
	EndGlobalSection
	GlobalSection(ProjectConfigurationPlatforms) = postSolution
		{52DA8B1D-A9C2-4B2F-A294-8DFAF3809974}.Debug|Any CPU.ActiveCfg = Debug|Any CPU
		{52DA8B1D-A9C2-4B2F-A294-8DFAF3809974}.Debug|Any CPU.Build.0 = Debug|Any CPU
		{52DA8B1D-A9C2-4B2F-A294-8DFAF3809974}.Release|Any CPU.ActiveCfg = Release|Any CPU
		{52DA8B1D-A9C2-4B2F-A294-8DFAF3809974}.Release|Any CPU.Build.0 = Release|Any CPU
	EndGlobalSection
	GlobalSection(SolutionProperties) = preSolution
		HideSolutionNode = FALSE
	EndGlobalSection
	GlobalSection(ExtensibilityGlobals) = postSolution
		SolutionGuid = {0DA6B3D0-118E-4DAA-8918-541C5FAEF6FE}
	EndGlobalSection
EndGlobal
