
Microsoft Visual Studio Solution File, Format Version 12.00
# Visual Studio Version 17
VisualStudioVersion = 17.10.35122.118
MinimumVisualStudioVersion = 10.0.40219.1
Project("{FAE04EC0-301F-11D3-BF4B-00C04F79EFBC}") = "Task05", "Task05.csproj", "{73162CC6-784B-4161-B4F8-BF4E07F4D2A2}"
EndProject
Global
	GlobalSection(SolutionConfigurationPlatforms) = preSolution
		Debug|Any CPU = Debug|Any CPU
		Release|Any CPU = Release|Any CPU
	EndGlobalSection
	GlobalSection(ProjectConfigurationPlatforms) = postSolution
		{73162CC6-784B-4161-B4F8-BF4E07F4D2A2}.Debug|Any CPU.ActiveCfg = Debug|Any CPU
		{73162CC6-784B-4161-B4F8-BF4E07F4D2A2}.Debug|Any CPU.Build.0 = Debug|Any CPU
		{73162CC6-784B-4161-B4F8-BF4E07F4D2A2}.Release|Any CPU.ActiveCfg = Release|Any CPU
		{73162CC6-784B-4161-B4F8-BF4E07F4D2A2}.Release|Any CPU.Build.0 = Release|Any CPU
	EndGlobalSection
	GlobalSection(SolutionProperties) = preSolution
		HideSolutionNode = FALSE
	EndGlobalSection
	GlobalSection(ExtensibilityGlobals) = postSolution
		SolutionGuid = {30803029-8D06-44E4-A84C-AC6207F30134}
	EndGlobalSection
EndGlobal
